// !$*UTF8*$!
{
	archiveVersion = 1;
	classes = {
	};
	objectVersion = 56;
	objects = {

/* Begin PBXBuildFile section */
		EA569C9C292433E9002D2193 /* SignInViewModel.swift in Sources */ = {isa = PBXBuildFile; fileRef = EA569C9B292433E9002D2193 /* SignInViewModel.swift */; };
		EA569C9E292460C4002D2193 /* SignUpView.swift in Sources */ = {isa = PBXBuildFile; fileRef = EA569C9D292460C4002D2193 /* SignUpView.swift */; };
		EA569CA029246108002D2193 /* SignUpViewModel.swift in Sources */ = {isa = PBXBuildFile; fileRef = EA569C9F29246108002D2193 /* SignUpViewModel.swift */; };
		EA569CA229256C4F002D2193 /* GoogleService-Info.plist in Resources */ = {isa = PBXBuildFile; fileRef = EA569CA129256C4E002D2193 /* GoogleService-Info.plist */; };
		EA569CA529256CE2002D2193 /* FirebaseAuth in Frameworks */ = {isa = PBXBuildFile; productRef = EA569CA429256CE2002D2193 /* FirebaseAuth */; };
		EA569CA729256CE2002D2193 /* FirebaseFirestore in Frameworks */ = {isa = PBXBuildFile; productRef = EA569CA629256CE2002D2193 /* FirebaseFirestore */; };
		EA569CA929256CE2002D2193 /* FirebaseStorage in Frameworks */ = {isa = PBXBuildFile; productRef = EA569CA829256CE2002D2193 /* FirebaseStorage */; };
		EAA424CA29267D5300C70BF0 /* ImagePicker.swift in Sources */ = {isa = PBXBuildFile; fileRef = EAA424C929267D5300C70BF0 /* ImagePicker.swift */; };
		EAA424CC2926AE7900C70BF0 /* ContentView.swift in Sources */ = {isa = PBXBuildFile; fileRef = EAA424CB2926AE7900C70BF0 /* ContentView.swift */; };
		EAA424CE2926AEB400C70BF0 /* ContentViewModel.swift in Sources */ = {isa = PBXBuildFile; fileRef = EAA424CD2926AEB400C70BF0 /* ContentViewModel.swift */; };
		EAA424D02926B0AD00C70BF0 /* MessagesView.swift in Sources */ = {isa = PBXBuildFile; fileRef = EAA424CF2926B0AD00C70BF0 /* MessagesView.swift */; };
		EAA424D22926B0D100C70BF0 /* MessagesViewModel.swift in Sources */ = {isa = PBXBuildFile; fileRef = EAA424D12926B0D000C70BF0 /* MessagesViewModel.swift */; };
		EAB8581328EBB05700906D83 /* iChatApp.swift in Sources */ = {isa = PBXBuildFile; fileRef = EAB8581228EBB05700906D83 /* iChatApp.swift */; };
		EAB8581528EBB05700906D83 /* SignInView.swift in Sources */ = {isa = PBXBuildFile; fileRef = EAB8581428EBB05700906D83 /* SignInView.swift */; };
		EAB8581728EBB05800906D83 /* Assets.xcassets in Resources */ = {isa = PBXBuildFile; fileRef = EAB8581628EBB05800906D83 /* Assets.xcassets */; };
		EAB8581A28EBB05800906D83 /* Preview Assets.xcassets in Resources */ = {isa = PBXBuildFile; fileRef = EAB8581928EBB05800906D83 /* Preview Assets.xcassets */; };
/* End PBXBuildFile section */

/* Begin PBXFileReference section */
		EA569C9B292433E9002D2193 /* SignInViewModel.swift */ = {isa = PBXFileReference; lastKnownFileType = sourcecode.swift; path = SignInViewModel.swift; sourceTree = "<group>"; };
		EA569C9D292460C4002D2193 /* SignUpView.swift */ = {isa = PBXFileReference; lastKnownFileType = sourcecode.swift; path = SignUpView.swift; sourceTree = "<group>"; };
		EA569C9F29246108002D2193 /* SignUpViewModel.swift */ = {isa = PBXFileReference; lastKnownFileType = sourcecode.swift; path = SignUpViewModel.swift; sourceTree = "<group>"; };
		EA569CA129256C4E002D2193 /* GoogleService-Info.plist */ = {isa = PBXFileReference; fileEncoding = 4; lastKnownFileType = text.plist.xml; path = "GoogleService-Info.plist"; sourceTree = "<group>"; };
		EAA424C929267D5300C70BF0 /* ImagePicker.swift */ = {isa = PBXFileReference; fileEncoding = 4; lastKnownFileType = sourcecode.swift; path = ImagePicker.swift; sourceTree = "<group>"; };
		EAA424CB2926AE7900C70BF0 /* ContentView.swift */ = {isa = PBXFileReference; lastKnownFileType = sourcecode.swift; path = ContentView.swift; sourceTree = "<group>"; };
		EAA424CD2926AEB400C70BF0 /* ContentViewModel.swift */ = {isa = PBXFileReference; lastKnownFileType = sourcecode.swift; path = ContentViewModel.swift; sourceTree = "<group>"; };
		EAA424CF2926B0AD00C70BF0 /* MessagesView.swift */ = {isa = PBXFileReference; lastKnownFileType = sourcecode.swift; path = MessagesView.swift; sourceTree = "<group>"; };
		EAA424D12926B0D000C70BF0 /* MessagesViewModel.swift */ = {isa = PBXFileReference; lastKnownFileType = sourcecode.swift; path = MessagesViewModel.swift; sourceTree = "<group>"; };
		EAB8580F28EBB05700906D83 /* iChat.app */ = {isa = PBXFileReference; explicitFileType = wrapper.application; includeInIndex = 0; path = iChat.app; sourceTree = BUILT_PRODUCTS_DIR; };
		EAB8581228EBB05700906D83 /* iChatApp.swift */ = {isa = PBXFileReference; lastKnownFileType = sourcecode.swift; path = iChatApp.swift; sourceTree = "<group>"; };
		EAB8581428EBB05700906D83 /* SignInView.swift */ = {isa = PBXFileReference; lastKnownFileType = sourcecode.swift; path = SignInView.swift; sourceTree = "<group>"; };
		EAB8581628EBB05800906D83 /* Assets.xcassets */ = {isa = PBXFileReference; lastKnownFileType = folder.assetcatalog; path = Assets.xcassets; sourceTree = "<group>"; };
		EAB8581928EBB05800906D83 /* Preview Assets.xcassets */ = {isa = PBXFileReference; lastKnownFileType = folder.assetcatalog; path = "Preview Assets.xcassets"; sourceTree = "<group>"; };
/* End PBXFileReference section */

/* Begin PBXFrameworksBuildPhase section */
		EAB8580C28EBB05700906D83 /* Frameworks */ = {
			isa = PBXFrameworksBuildPhase;
			buildActionMask = 2147483647;
			files = (
				EA569CA529256CE2002D2193 /* FirebaseAuth in Frameworks */,
				EA569CA729256CE2002D2193 /* FirebaseFirestore in Frameworks */,
				EA569CA929256CE2002D2193 /* FirebaseStorage in Frameworks */,
			);
			runOnlyForDeploymentPostprocessing = 0;
		};
/* End PBXFrameworksBuildPhase section */

/* Begin PBXGroup section */
		EAB8580628EBB05700906D83 = {
			isa = PBXGroup;
			children = (
				EAB8581128EBB05700906D83 /* iChat */,
				EAB8581028EBB05700906D83 /* Products */,
			);
			sourceTree = "<group>";
		};
		EAB8581028EBB05700906D83 /* Products */ = {
			isa = PBXGroup;
			children = (
				EAB8580F28EBB05700906D83 /* iChat.app */,
			);
			name = Products;
			sourceTree = "<group>";
		};
		EAB8581128EBB05700906D83 /* iChat */ = {
			isa = PBXGroup;
			children = (
				EAA424C929267D5300C70BF0 /* ImagePicker.swift */,
				EA569CA129256C4E002D2193 /* GoogleService-Info.plist */,
				EAB8581228EBB05700906D83 /* iChatApp.swift */,
				EAB8581428EBB05700906D83 /* SignInView.swift */,
				EA569C9D292460C4002D2193 /* SignUpView.swift */,
				EA569C9B292433E9002D2193 /* SignInViewModel.swift */,
				EA569C9F29246108002D2193 /* SignUpViewModel.swift */,
				EAA424CB2926AE7900C70BF0 /* ContentView.swift */,
				EAA424CD2926AEB400C70BF0 /* ContentViewModel.swift */,
				EAA424CF2926B0AD00C70BF0 /* MessagesView.swift */,
				EAA424D12926B0D000C70BF0 /* MessagesViewModel.swift */,
				EAB8581628EBB05800906D83 /* Assets.xcassets */,
				EAB8581828EBB05800906D83 /* Preview Content */,
			);
			path = iChat;
			sourceTree = "<group>";
		};
		EAB8581828EBB05800906D83 /* Preview Content */ = {
			isa = PBXGroup;
			children = (
				EAB8581928EBB05800906D83 /* Preview Assets.xcassets */,
			);
			path = "Preview Content";
			sourceTree = "<group>";
		};
/* End PBXGroup section */

/* Begin PBXNativeTarget section */
		EAB8580E28EBB05700906D83 /* iChat */ = {
			isa = PBXNativeTarget;
			buildConfigurationList = EAB8581D28EBB05800906D83 /* Build configuration list for PBXNativeTarget "iChat" */;
			buildPhases = (
				EAB8580B28EBB05700906D83 /* Sources */,
				EAB8580C28EBB05700906D83 /* Frameworks */,
				EAB8580D28EBB05700906D83 /* Resources */,
			);
			buildRules = (
			);
			dependencies = (
			);
			name = iChat;
			packageProductDependencies = (
				EA569CA429256CE2002D2193 /* FirebaseAuth */,
				EA569CA629256CE2002D2193 /* FirebaseFirestore */,
				EA569CA829256CE2002D2193 /* FirebaseStorage */,
			);
			productName = iChat;
			productReference = EAB8580F28EBB05700906D83 /* iChat.app */;
			productType = "com.apple.product-type.application";
		};
/* End PBXNativeTarget section */

/* Begin PBXProject section */
		EAB8580728EBB05700906D83 /* Project object */ = {
			isa = PBXProject;
			attributes = {
				BuildIndependentTargetsInParallel = 1;
				LastSwiftUpdateCheck = 1400;
				LastUpgradeCheck = 1400;
				TargetAttributes = {
					EAB8580E28EBB05700906D83 = {
						CreatedOnToolsVersion = 14.0.1;
					};
				};
			};
			buildConfigurationList = EAB8580A28EBB05700906D83 /* Build configuration list for PBXProject "iChat" */;
			compatibilityVersion = "Xcode 14.0";
			developmentRegion = en;
			hasScannedForEncodings = 0;
			knownRegions = (
				en,
				Base,
			);
			mainGroup = EAB8580628EBB05700906D83;
			packageReferences = (
				EA569CA329256CE2002D2193 /* XCRemoteSwiftPackageReference "firebase-ios-sdk" */,
			);
			productRefGroup = EAB8581028EBB05700906D83 /* Products */;
			projectDirPath = "";
			projectRoot = "";
			targets = (
				EAB8580E28EBB05700906D83 /* iChat */,
			);
		};
/* End PBXProject section */

/* Begin PBXResourcesBuildPhase section */
		EAB8580D28EBB05700906D83 /* Resources */ = {
			isa = PBXResourcesBuildPhase;
			buildActionMask = 2147483647;
			files = (
				EAB8581A28EBB05800906D83 /* Preview Assets.xcassets in Resources */,
				EAB8581728EBB05800906D83 /* Assets.xcassets in Resources */,
				EA569CA229256C4F002D2193 /* GoogleService-Info.plist in Resources */,
			);
			runOnlyForDeploymentPostprocessing = 0;
		};
/* End PBXResourcesBuildPhase section */

/* Begin PBXSourcesBuildPhase section */
		EAB8580B28EBB05700906D83 /* Sources */ = {
			isa = PBXSourcesBuildPhase;
			buildActionMask = 2147483647;
			files = (
				EAA424CE2926AEB400C70BF0 /* ContentViewModel.swift in Sources */,
				EA569C9E292460C4002D2193 /* SignUpView.swift in Sources */,
				EAA424D22926B0D100C70BF0 /* MessagesViewModel.swift in Sources */,
				EAA424D02926B0AD00C70BF0 /* MessagesView.swift in Sources */,
				EAB8581528EBB05700906D83 /* SignInView.swift in Sources */,
				EAA424CC2926AE7900C70BF0 /* ContentView.swift in Sources */,
				EA569CA029246108002D2193 /* SignUpViewModel.swift in Sources */,
				EAA424CA29267D5300C70BF0 /* ImagePicker.swift in Sources */,
				EAB8581328EBB05700906D83 /* iChatApp.swift in Sources */,
				EA569C9C292433E9002D2193 /* SignInViewModel.swift in Sources */,
			);
			runOnlyForDeploymentPostprocessing = 0;
		};
/* End PBXSourcesBuildPhase section */

/* Begin XCBuildConfiguration section */
		EAB8581B28EBB05800906D83 /* Debug */ = {
			isa = XCBuildConfiguration;
			buildSettings = {
				ALWAYS_SEARCH_USER_PATHS = NO;
				CLANG_ANALYZER_NONNULL = YES;
				CLANG_ANALYZER_NUMBER_OBJECT_CONVERSION = YES_AGGRESSIVE;
				CLANG_CXX_LANGUAGE_STANDARD = "gnu++20";
				CLANG_ENABLE_MODULES = YES;
				CLANG_ENABLE_OBJC_ARC = YES;
				CLANG_ENABLE_OBJC_WEAK = YES;
				CLANG_WARN_BLOCK_CAPTURE_AUTORELEASING = YES;
				CLANG_WARN_BOOL_CONVERSION = YES;
				CLANG_WARN_COMMA = YES;
				CLANG_WARN_CONSTANT_CONVERSION = YES;
				CLANG_WARN_DEPRECATED_OBJC_IMPLEMENTATIONS = YES;
				CLANG_WARN_DIRECT_OBJC_ISA_USAGE = YES_ERROR;
				CLANG_WARN_DOCUMENTATION_COMMENTS = YES;
				CLANG_WARN_EMPTY_BODY = YES;
				CLANG_WARN_ENUM_CONVERSION = YES;
				CLANG_WARN_INFINITE_RECURSION = YES;
				CLANG_WARN_INT_CONVERSION = YES;
				CLANG_WARN_NON_LITERAL_NULL_CONVERSION = YES;
				CLANG_WARN_OBJC_IMPLICIT_RETAIN_SELF = YES;
				CLANG_WARN_OBJC_LITERAL_CONVERSION = YES;
				CLANG_WARN_OBJC_ROOT_CLASS = YES_ERROR;
				CLANG_WARN_QUOTED_INCLUDE_IN_FRAMEWORK_HEADER = YES;
				CLANG_WARN_RANGE_LOOP_ANALYSIS = YES;
				CLANG_WARN_STRICT_PROTOTYPES = YES;
				CLANG_WARN_SUSPICIOUS_MOVE = YES;
				CLANG_WARN_UNGUARDED_AVAILABILITY = YES_AGGRESSIVE;
				CLANG_WARN_UNREACHABLE_CODE = YES;
				CLANG_WARN__DUPLICATE_METHOD_MATCH = YES;
				COPY_PHASE_STRIP = NO;
				DEBUG_INFORMATION_FORMAT = dwarf;
				ENABLE_STRICT_OBJC_MSGSEND = YES;
				ENABLE_TESTABILITY = YES;
				GCC_C_LANGUAGE_STANDARD = gnu11;
				GCC_DYNAMIC_NO_PIC = NO;
				GCC_NO_COMMON_BLOCKS = YES;
				GCC_OPTIMIZATION_LEVEL = 0;
				GCC_PREPROCESSOR_DEFINITIONS = (
					"DEBUG=1",
					"$(inherited)",
				);
				GCC_WARN_64_TO_32_BIT_CONVERSION = YES;
				GCC_WARN_ABOUT_RETURN_TYPE = YES_ERROR;
				GCC_WARN_UNDECLARED_SELECTOR = YES;
				GCC_WARN_UNINITIALIZED_AUTOS = YES_AGGRESSIVE;
				GCC_WARN_UNUSED_FUNCTION = YES;
				GCC_WARN_UNUSED_VARIABLE = YES;
				IPHONEOS_DEPLOYMENT_TARGET = 16.0;
				MTL_ENABLE_DEBUG_INFO = INCLUDE_SOURCE;
				MTL_FAST_MATH = YES;
				ONLY_ACTIVE_ARCH = YES;
				SDKROOT = iphoneos;
				SWIFT_ACTIVE_COMPILATION_CONDITIONS = DEBUG;
				SWIFT_OPTIMIZATION_LEVEL = "-Onone";
			};
			name = Debug;
		};
		EAB8581C28EBB05800906D83 /* Release */ = {
			isa = XCBuildConfiguration;
			buildSettings = {
				ALWAYS_SEARCH_USER_PATHS = NO;
				CLANG_ANALYZER_NONNULL = YES;
				CLANG_ANALYZER_NUMBER_OBJECT_CONVERSION = YES_AGGRESSIVE;
				CLANG_CXX_LANGUAGE_STANDARD = "gnu++20";
				CLANG_ENABLE_MODULES = YES;
				CLANG_ENABLE_OBJC_ARC = YES;
				CLANG_ENABLE_OBJC_WEAK = YES;
				CLANG_WARN_BLOCK_CAPTURE_AUTORELEASING = YES;
				CLANG_WARN_BOOL_CONVERSION = YES;
				CLANG_WARN_COMMA = YES;
				CLANG_WARN_CONSTANT_CONVERSION = YES;
				CLANG_WARN_DEPRECATED_OBJC_IMPLEMENTATIONS = YES;
				CLANG_WARN_DIRECT_OBJC_ISA_USAGE = YES_ERROR;
				CLANG_WARN_DOCUMENTATION_COMMENTS = YES;
				CLANG_WARN_EMPTY_BODY = YES;
				CLANG_WARN_ENUM_CONVERSION = YES;
				CLANG_WARN_INFINITE_RECURSION = YES;
				CLANG_WARN_INT_CONVERSION = YES;
				CLANG_WARN_NON_LITERAL_NULL_CONVERSION = YES;
				CLANG_WARN_OBJC_IMPLICIT_RETAIN_SELF = YES;
				CLANG_WARN_OBJC_LITERAL_CONVERSION = YES;
				CLANG_WARN_OBJC_ROOT_CLASS = YES_ERROR;
				CLANG_WARN_QUOTED_INCLUDE_IN_FRAMEWORK_HEADER = YES;
				CLANG_WARN_RANGE_LOOP_ANALYSIS = YES;
				CLANG_WARN_STRICT_PROTOTYPES = YES;
				CLANG_WARN_SUSPICIOUS_MOVE = YES;
				CLANG_WARN_UNGUARDED_AVAILABILITY = YES_AGGRESSIVE;
				CLANG_WARN_UNREACHABLE_CODE = YES;
				CLANG_WARN__DUPLICATE_METHOD_MATCH = YES;
				COPY_PHASE_STRIP = NO;
				DEBUG_INFORMATION_FORMAT = "dwarf-with-dsym";
				ENABLE_NS_ASSERTIONS = NO;
				ENABLE_STRICT_OBJC_MSGSEND = YES;
				GCC_C_LANGUAGE_STANDARD = gnu11;
				GCC_NO_COMMON_BLOCKS = YES;
				GCC_WARN_64_TO_32_BIT_CONVERSION = YES;
				GCC_WARN_ABOUT_RETURN_TYPE = YES_ERROR;
				GCC_WARN_UNDECLARED_SELECTOR = YES;
				GCC_WARN_UNINITIALIZED_AUTOS = YES_AGGRESSIVE;
				GCC_WARN_UNUSED_FUNCTION = YES;
				GCC_WARN_UNUSED_VARIABLE = YES;
				IPHONEOS_DEPLOYMENT_TARGET = 16.0;
				MTL_ENABLE_DEBUG_INFO = NO;
				MTL_FAST_MATH = YES;
				SDKROOT = iphoneos;
				SWIFT_COMPILATION_MODE = wholemodule;
				SWIFT_OPTIMIZATION_LEVEL = "-O";
				VALIDATE_PRODUCT = YES;
			};
			name = Release;
		};
		EAB8581E28EBB05800906D83 /* Debug */ = {
			isa = XCBuildConfiguration;
			buildSettings = {
				ASSETCATALOG_COMPILER_APPICON_NAME = AppIcon;
				ASSETCATALOG_COMPILER_GLOBAL_ACCENT_COLOR_NAME = AccentColor;
				CODE_SIGN_STYLE = Automatic;
				CURRENT_PROJECT_VERSION = 1;
				DEVELOPMENT_ASSET_PATHS = "\"iChat/Preview Content\"";
				DEVELOPMENT_TEAM = 8Q4G5PRJJ5;
				ENABLE_PREVIEWS = YES;
				GENERATE_INFOPLIST_FILE = YES;
				INFOPLIST_KEY_UIApplicationSceneManifest_Generation = YES;
				INFOPLIST_KEY_UIApplicationSupportsIndirectInputEvents = YES;
				INFOPLIST_KEY_UILaunchScreen_Generation = YES;
				INFOPLIST_KEY_UISupportedInterfaceOrientations_iPad = "UIInterfaceOrientationPortrait UIInterfaceOrientationPortraitUpsideDown UIInterfaceOrientationLandscapeLeft UIInterfaceOrientationLandscapeRight";
				INFOPLIST_KEY_UISupportedInterfaceOrientations_iPhone = "UIInterfaceOrientationPortrait UIInterfaceOrientationLandscapeLeft UIInterfaceOrientationLandscapeRight";
				LD_RUNPATH_SEARCH_PATHS = (
					"$(inherited)",
					"@executable_path/Frameworks",
				);
				MARKETING_VERSION = 1.0;
				PRODUCT_BUNDLE_IDENTIFIER = br.com.manoellealdeveloper.iChat;
				PRODUCT_NAME = "$(TARGET_NAME)";
				SWIFT_EMIT_LOC_STRINGS = YES;
				SWIFT_VERSION = 5.0;
				TARGETED_DEVICE_FAMILY = "1,2";
			};
			name = Debug;
		};
		EAB8581F28EBB05800906D83 /* Release */ = {
			isa = XCBuildConfiguration;
			buildSettings = {
				ASSETCATALOG_COMPILER_APPICON_NAME = AppIcon;
				ASSETCATALOG_COMPILER_GLOBAL_ACCENT_COLOR_NAME = AccentColor;
				CODE_SIGN_STYLE = Automatic;
				CURRENT_PROJECT_VERSION = 1;
				DEVELOPMENT_ASSET_PATHS = "\"iChat/Preview Content\"";
				DEVELOPMENT_TEAM = 8Q4G5PRJJ5;
				ENABLE_PREVIEWS = YES;
				GENERATE_INFOPLIST_FILE = YES;
				INFOPLIST_KEY_UIApplicationSceneManifest_Generation = YES;
				INFOPLIST_KEY_UIApplicationSupportsIndirectInputEvents = YES;
				INFOPLIST_KEY_UILaunchScreen_Generation = YES;
				INFOPLIST_KEY_UISupportedInterfaceOrientations_iPad = "UIInterfaceOrientationPortrait UIInterfaceOrientationPortraitUpsideDown UIInterfaceOrientationLandscapeLeft UIInterfaceOrientationLandscapeRight";
				INFOPLIST_KEY_UISupportedInterfaceOrientations_iPhone = "UIInterfaceOrientationPortrait UIInterfaceOrientationLandscapeLeft UIInterfaceOrientationLandscapeRight";
				LD_RUNPATH_SEARCH_PATHS = (
					"$(inherited)",
					"@executable_path/Frameworks",
				);
				MARKETING_VERSION = 1.0;
				PRODUCT_BUNDLE_IDENTIFIER = br.com.manoellealdeveloper.iChat;
				PRODUCT_NAME = "$(TARGET_NAME)";
				SWIFT_EMIT_LOC_STRINGS = YES;
				SWIFT_VERSION = 5.0;
				TARGETED_DEVICE_FAMILY = "1,2";
			};
			name = Release;
		};
/* End XCBuildConfiguration section */

/* Begin XCConfigurationList section */
		EAB8580A28EBB05700906D83 /* Build configuration list for PBXProject "iChat" */ = {
			isa = XCConfigurationList;
			buildConfigurations = (
				EAB8581B28EBB05800906D83 /* Debug */,
				EAB8581C28EBB05800906D83 /* Release */,
			);
			defaultConfigurationIsVisible = 0;
			defaultConfigurationName = Release;
		};
		EAB8581D28EBB05800906D83 /* Build configuration list for PBXNativeTarget "iChat" */ = {
			isa = XCConfigurationList;
			buildConfigurations = (
				EAB8581E28EBB05800906D83 /* Debug */,
				EAB8581F28EBB05800906D83 /* Release */,
			);
			defaultConfigurationIsVisible = 0;
			defaultConfigurationName = Release;
		};
/* End XCConfigurationList section */

/* Begin XCRemoteSwiftPackageReference section */
		EA569CA329256CE2002D2193 /* XCRemoteSwiftPackageReference "firebase-ios-sdk" */ = {
			isa = XCRemoteSwiftPackageReference;
			repositoryURL = "https://github.com/firebase/firebase-ios-sdk";
			requirement = {
				kind = upToNextMajorVersion;
				minimumVersion = 9.0.0;
			};
		};
/* End XCRemoteSwiftPackageReference section */

/* Begin XCSwiftPackageProductDependency section */
		EA569CA429256CE2002D2193 /* FirebaseAuth */ = {
			isa = XCSwiftPackageProductDependency;
			package = EA569CA329256CE2002D2193 /* XCRemoteSwiftPackageReference "firebase-ios-sdk" */;
			productName = FirebaseAuth;
		};
		EA569CA629256CE2002D2193 /* FirebaseFirestore */ = {
			isa = XCSwiftPackageProductDependency;
			package = EA569CA329256CE2002D2193 /* XCRemoteSwiftPackageReference "firebase-ios-sdk" */;
			productName = FirebaseFirestore;
		};
		EA569CA829256CE2002D2193 /* FirebaseStorage */ = {
			isa = XCSwiftPackageProductDependency;
			package = EA569CA329256CE2002D2193 /* XCRemoteSwiftPackageReference "firebase-ios-sdk" */;
			productName = FirebaseStorage;
		};
/* End XCSwiftPackageProductDependency section */
	};
	rootObject = EAB8580728EBB05700906D83 /* Project object */;
}
